
Microsoft Visual Studio Solution File, Format Version 12.00
# Visual Studio Version 16
VisualStudioVersion = 16.0.31729.503
MinimumVisualStudioVersion = 10.0.40219.1
Project("{8BC9CEB8-8B4A-11D0-8D11-00A0C91BC942}") = "12_07", "12_07\12_07.vcxproj", "{2E0798FC-FC04-47E5-8A3A-96787F1E8218}"
EndProject
Global
	GlobalSection(SolutionConfigurationPlatforms) = preSolution
		Debug|x64 = Debug|x64
		Debug|x86 = Debug|x86
		Release|x64 = Release|x64
		Release|x86 = Release|x86
	EndGlobalSection
	GlobalSection(ProjectConfigurationPlatforms) = postSolution
		{2E0798FC-FC04-47E5-8A3A-96787F1E8218}.Debug|x64.ActiveCfg = Debug|x64
		{2E0798FC-FC04-47E5-8A3A-96787F1E8218}.Debug|x64.Build.0 = Debug|x64
		{2E0798FC-FC04-47E5-8A3A-96787F1E8218}.Debug|x86.ActiveCfg = Debug|Win32
		{2E0798FC-FC04-47E5-8A3A-96787F1E8218}.Debug|x86.Build.0 = Debug|Win32
		{2E0798FC-FC04-47E5-8A3A-96787F1E8218}.Release|x64.ActiveCfg = Release|x64
		{2E0798FC-FC04-47E5-8A3A-96787F1E8218}.Release|x64.Build.0 = Release|x64
		{2E0798FC-FC04-47E5-8A3A-96787F1E8218}.Release|x86.ActiveCfg = Release|Win32
		{2E0798FC-FC04-47E5-8A3A-96787F1E8218}.Release|x86.Build.0 = Release|Win32
	EndGlobalSection
	GlobalSection(SolutionProperties) = preSolution
		HideSolutionNode = FALSE
	EndGlobalSection
	GlobalSection(ExtensibilityGlobals) = postSolution
		SolutionGuid = {84A6CEA9-4E6B-450D-A09B-0E9BC91DFB43}
	EndGlobalSection
EndGlobal
