
Microsoft Visual Studio Solution File, Format Version 12.00
# Visual Studio 2013
VisualStudioVersion = 12.0.21005.1
MinimumVisualStudioVersion = 10.0.40219.1
Project("{8BC9CEB8-8B4A-11D0-8D11-00A0C91BC942}") = "test", "test\test.vcxproj", "{FFE9A53D-4573-4D86-A5B9-3458B711678E}"
EndProject
Global
	GlobalSection(SolutionConfigurationPlatforms) = preSolution
		Debug|Win32 = Debug|Win32
		Release|Win32 = Release|Win32
	EndGlobalSection
	GlobalSection(ProjectConfigurationPlatforms) = postSolution
		{FFE9A53D-4573-4D86-A5B9-3458B711678E}.Debug|Win32.ActiveCfg = Debug|Win32
		{FFE9A53D-4573-4D86-A5B9-3458B711678E}.Debug|Win32.Build.0 = Debug|Win32
		{FFE9A53D-4573-4D86-A5B9-3458B711678E}.Release|Win32.ActiveCfg = Release|Win32
		{FFE9A53D-4573-4D86-A5B9-3458B711678E}.Release|Win32.Build.0 = Release|Win32
	EndGlobalSection
	GlobalSection(SolutionProperties) = preSolution
		HideSolutionNode = FALSE
	EndGlobalSection
EndGlobal
